
Microsoft Visual Studio Solution File, Format Version 12.00
# Visual Studio 2017
Project("{FAE04EC0-301F-11D3-BF4B-00C04F79EFBC}") = "テスト.Plugins", "テスト.Plugins.csproj", "{A39308B3-351C-34F6-41A7-76D73FDC55D5}"
EndProject
Project("{FAE04EC0-301F-11D3-BF4B-00C04F79EFBC}") = "テスト", "テスト.csproj", "{3C96E07C-8E50-E34D-904B-1C6186602FA9}"
EndProject
Project("{FAE04EC0-301F-11D3-BF4B-00C04F79EFBC}") = "テスト.Editor.Plugins", "テスト.Editor.Plugins.csproj", "{5C4C64DE-39E8-D61C-0D50-B68A2F28AC8A}"
EndProject
Project("{FAE04EC0-301F-11D3-BF4B-00C04F79EFBC}") = "テスト.Editor", "テスト.Editor.csproj", "{BC96AD9E-2AF6-2580-257A-430BCB46A89D}"
EndProject
Global
	GlobalSection(SolutionConfigurationPlatforms) = preSolution
		Debug|Any CPU = Debug|Any CPU
		Release|Any CPU = Release|Any CPU
	EndGlobalSection
	GlobalSection(ProjectConfigurationPlatforms) = postSolution
		{A39308B3-351C-34F6-41A7-76D73FDC55D5}.Debug|Any CPU.ActiveCfg = Debug|Any CPU
		{A39308B3-351C-34F6-41A7-76D73FDC55D5}.Debug|Any CPU.Build.0 = Debug|Any CPU
		{A39308B3-351C-34F6-41A7-76D73FDC55D5}.Release|Any CPU.ActiveCfg = Release|Any CPU
		{A39308B3-351C-34F6-41A7-76D73FDC55D5}.Release|Any CPU.Build.0 = Release|Any CPU
		{3C96E07C-8E50-E34D-904B-1C6186602FA9}.Debug|Any CPU.ActiveCfg = Debug|Any CPU
		{3C96E07C-8E50-E34D-904B-1C6186602FA9}.Debug|Any CPU.Build.0 = Debug|Any CPU
		{3C96E07C-8E50-E34D-904B-1C6186602FA9}.Release|Any CPU.ActiveCfg = Release|Any CPU
		{3C96E07C-8E50-E34D-904B-1C6186602FA9}.Release|Any CPU.Build.0 = Release|Any CPU
		{5C4C64DE-39E8-D61C-0D50-B68A2F28AC8A}.Debug|Any CPU.ActiveCfg = Debug|Any CPU
		{5C4C64DE-39E8-D61C-0D50-B68A2F28AC8A}.Debug|Any CPU.Build.0 = Debug|Any CPU
		{5C4C64DE-39E8-D61C-0D50-B68A2F28AC8A}.Release|Any CPU.ActiveCfg = Release|Any CPU
		{5C4C64DE-39E8-D61C-0D50-B68A2F28AC8A}.Release|Any CPU.Build.0 = Release|Any CPU
		{BC96AD9E-2AF6-2580-257A-430BCB46A89D}.Debug|Any CPU.ActiveCfg = Debug|Any CPU
		{BC96AD9E-2AF6-2580-257A-430BCB46A89D}.Debug|Any CPU.Build.0 = Debug|Any CPU
		{BC96AD9E-2AF6-2580-257A-430BCB46A89D}.Release|Any CPU.ActiveCfg = Release|Any CPU
		{BC96AD9E-2AF6-2580-257A-430BCB46A89D}.Release|Any CPU.Build.0 = Release|Any CPU
	EndGlobalSection
	GlobalSection(SolutionProperties) = preSolution
		HideSolutionNode = FALSE
	EndGlobalSection
EndGlobal
